
Microsoft Visual Studio Solution File, Format Version 12.00
# Visual Studio 14
VisualStudioVersion = 14.0.22823.1
MinimumVisualStudioVersion = 10.0.40219.1
Project("{FAE04EC0-301F-11D3-BF4B-00C04F79EFBC}") = "SmartCommandLineArguments", "SmartCommandLineArguments\SmartCommandLineArguments.csproj", "{AEDCD062-E97E-4BD3-AB57-77E097038B0C}"
EndProject
Global
	GlobalSection(SolutionConfigurationPlatforms) = preSolution
		Debug|Any CPU = Debug|Any CPU
		Release|Any CPU = Release|Any CPU
	EndGlobalSection
	GlobalSection(ProjectConfigurationPlatforms) = postSolution
		{AEDCD062-E97E-4BD3-AB57-77E097038B0C}.Debug|Any CPU.ActiveCfg = Debug|Any CPU
		{AEDCD062-E97E-4BD3-AB57-77E097038B0C}.Debug|Any CPU.Build.0 = Debug|Any CPU
		{AEDCD062-E97E-4BD3-AB57-77E097038B0C}.Release|Any CPU.ActiveCfg = Release|Any CPU
		{AEDCD062-E97E-4BD3-AB57-77E097038B0C}.Release|Any CPU.Build.0 = Release|Any CPU
	EndGlobalSection
	GlobalSection(SolutionProperties) = preSolution
		HideSolutionNode = FALSE
	EndGlobalSection
EndGlobal
